# THIS IS AN AUTOGENERATED FILE. DO NOT EDIT THIS FILE DIRECTLY.
# yarn lockfile v1


jsbn@^1.1.0:
  version "1.1.0"
  resolved "https://registry.npmmirror.com/jsbn/-/jsbn-1.1.0.tgz#b01307cb29b618a1ed26ec79e911f803c4da0040"
  integrity sha512-4bYVV3aAMtDTTu4+xsDYa6sy9GyJ69/amsu9sYF2zqjiEoZA5xJi3BrfX3uY+/IekIu7MwdObdbDWpoZdBv3/A==

sm-crypto@^0.3.11:
  version "0.3.13"
  resolved "https://registry.npmmirror.com/sm-crypto/-/sm-crypto-0.3.13.tgz#9615d67f9f2280970c353122e5901ae87d64899a"
  integrity sha512-ztNF+pZq6viCPMA1A6KKu3bgpkmYti5avykRHbcFIdSipFdkVmfUw2CnpM2kBJyppIalqvczLNM3wR8OQ0pT5w==
  dependencies:
    jsbn "^1.1.0"
